
Microsoft Visual Studio Solution File, Format Version 12.00
# Visual Studio Version 16
VisualStudioVersion = 16.0.29728.190
MinimumVisualStudioVersion = 10.0.40219.1
Project("{FAE04EC0-301F-11D3-BF4B-00C04F79EFBC}") = "ConsoleApp2", "ConsoleApp2\ConsoleApp2.csproj", "{93CB3460-8B96-407B-852E-19086F6FCA50}"
EndProject
Global
	GlobalSection(SolutionConfigurationPlatforms) = preSolution
		Debug|Any CPU = Debug|Any CPU
		Release|Any CPU = Release|Any CPU
	EndGlobalSection
	GlobalSection(ProjectConfigurationPlatforms) = postSolution
		{93CB3460-8B96-407B-852E-19086F6FCA50}.Debug|Any CPU.ActiveCfg = Debug|Any CPU
		{93CB3460-8B96-407B-852E-19086F6FCA50}.Debug|Any CPU.Build.0 = Debug|Any CPU
		{93CB3460-8B96-407B-852E-19086F6FCA50}.Release|Any CPU.ActiveCfg = Release|Any CPU
		{93CB3460-8B96-407B-852E-19086F6FCA50}.Release|Any CPU.Build.0 = Release|Any CPU
	EndGlobalSection
	GlobalSection(SolutionProperties) = preSolution
		HideSolutionNode = FALSE
	EndGlobalSection
	GlobalSection(ExtensibilityGlobals) = postSolution
		SolutionGuid = {473153F3-85E8-4BA0-A01A-0F2E0E23B2B1}
	EndGlobalSection
EndGlobal
